
Microsoft Visual Studio Solution File, Format Version 12.00
# Visual Studio Version 17
VisualStudioVersion = 17.14.36717.8 d17.14
MinimumVisualStudioVersion = 10.0.40219.1
Project("{8BC9CEB8-8B4A-11D0-8D11-00A0C91BC942}") = "Zadanie 6-2", "Zadanie 6-2\Zadanie 6-2.vcxproj", "{F487B870-476C-4FB1-8E07-F0FD795F1C8D}"
EndProject
Global
	GlobalSection(SolutionConfigurationPlatforms) = preSolution
		Debug|x64 = Debug|x64
		Debug|x86 = Debug|x86
		Release|x64 = Release|x64
		Release|x86 = Release|x86
	EndGlobalSection
	GlobalSection(ProjectConfigurationPlatforms) = postSolution
		{F487B870-476C-4FB1-8E07-F0FD795F1C8D}.Debug|x64.ActiveCfg = Debug|x64
		{F487B870-476C-4FB1-8E07-F0FD795F1C8D}.Debug|x64.Build.0 = Debug|x64
		{F487B870-476C-4FB1-8E07-F0FD795F1C8D}.Debug|x86.ActiveCfg = Debug|Win32
		{F487B870-476C-4FB1-8E07-F0FD795F1C8D}.Debug|x86.Build.0 = Debug|Win32
		{F487B870-476C-4FB1-8E07-F0FD795F1C8D}.Release|x64.ActiveCfg = Release|x64
		{F487B870-476C-4FB1-8E07-F0FD795F1C8D}.Release|x64.Build.0 = Release|x64
		{F487B870-476C-4FB1-8E07-F0FD795F1C8D}.Release|x86.ActiveCfg = Release|Win32
		{F487B870-476C-4FB1-8E07-F0FD795F1C8D}.Release|x86.Build.0 = Release|Win32
	EndGlobalSection
	GlobalSection(SolutionProperties) = preSolution
		HideSolutionNode = FALSE
	EndGlobalSection
	GlobalSection(ExtensibilityGlobals) = postSolution
		SolutionGuid = {189963AC-B9B1-4866-B061-588A8DEF4636}
	EndGlobalSection
EndGlobal
