
Microsoft Visual Studio Solution File, Format Version 12.00
# Visual Studio Version 17
VisualStudioVersion = 17.14.36717.8 d17.14
MinimumVisualStudioVersion = 10.0.40219.1
Project("{8BC9CEB8-8B4A-11D0-8D11-00A0C91BC942}") = "Zadanie4_2", "Zadanie4_2\Zadanie4_2.vcxproj", "{055E8C75-5581-4938-BCD5-F4891BEA8CFD}"
EndProject
Global
	GlobalSection(SolutionConfigurationPlatforms) = preSolution
		Debug|x64 = Debug|x64
		Debug|x86 = Debug|x86
		Release|x64 = Release|x64
		Release|x86 = Release|x86
	EndGlobalSection
	GlobalSection(ProjectConfigurationPlatforms) = postSolution
		{055E8C75-5581-4938-BCD5-F4891BEA8CFD}.Debug|x64.ActiveCfg = Debug|x64
		{055E8C75-5581-4938-BCD5-F4891BEA8CFD}.Debug|x64.Build.0 = Debug|x64
		{055E8C75-5581-4938-BCD5-F4891BEA8CFD}.Debug|x86.ActiveCfg = Debug|Win32
		{055E8C75-5581-4938-BCD5-F4891BEA8CFD}.Debug|x86.Build.0 = Debug|Win32
		{055E8C75-5581-4938-BCD5-F4891BEA8CFD}.Release|x64.ActiveCfg = Release|x64
		{055E8C75-5581-4938-BCD5-F4891BEA8CFD}.Release|x64.Build.0 = Release|x64
		{055E8C75-5581-4938-BCD5-F4891BEA8CFD}.Release|x86.ActiveCfg = Release|Win32
		{055E8C75-5581-4938-BCD5-F4891BEA8CFD}.Release|x86.Build.0 = Release|Win32
	EndGlobalSection
	GlobalSection(SolutionProperties) = preSolution
		HideSolutionNode = FALSE
	EndGlobalSection
	GlobalSection(ExtensibilityGlobals) = postSolution
		SolutionGuid = {E2AEDE1E-1969-4D78-B56B-2734C57E732E}
	EndGlobalSection
EndGlobal
